
Microsoft Visual Studio Solution File, Format Version 12.00
# Visual Studio Version 17
VisualStudioVersion = 17.14.36127.28
MinimumVisualStudioVersion = 10.0.40219.1
Project("{FAE04EC0-301F-11D3-BF4B-00C04F79EFBC}") = "PrimeiraAplicacaoDotCoreWeb", "PrimeiraAplicacaoDotCoreWeb\PrimeiraAplicacaoDotCoreWeb.csproj", "{1621FB9C-E76F-40A1-85C9-1288DEFD0194}"
EndProject
Project("{FAE04EC0-301F-11D3-BF4B-00C04F79EFBC}") = "Servico", "Servico\Servico.csproj", "{4C509D43-7AC8-4694-9F6A-4EA62457E0AE}"
EndProject
Global
	GlobalSection(SolutionConfigurationPlatforms) = preSolution
		Debug|Any CPU = Debug|Any CPU
		Release|Any CPU = Release|Any CPU
	EndGlobalSection
	GlobalSection(ProjectConfigurationPlatforms) = postSolution
		{1621FB9C-E76F-40A1-85C9-1288DEFD0194}.Debug|Any CPU.ActiveCfg = Debug|Any CPU
		{1621FB9C-E76F-40A1-85C9-1288DEFD0194}.Debug|Any CPU.Build.0 = Debug|Any CPU
		{1621FB9C-E76F-40A1-85C9-1288DEFD0194}.Release|Any CPU.ActiveCfg = Release|Any CPU
		{1621FB9C-E76F-40A1-85C9-1288DEFD0194}.Release|Any CPU.Build.0 = Release|Any CPU
		{4C509D43-7AC8-4694-9F6A-4EA62457E0AE}.Debug|Any CPU.ActiveCfg = Debug|Any CPU
		{4C509D43-7AC8-4694-9F6A-4EA62457E0AE}.Debug|Any CPU.Build.0 = Debug|Any CPU
		{4C509D43-7AC8-4694-9F6A-4EA62457E0AE}.Release|Any CPU.ActiveCfg = Release|Any CPU
		{4C509D43-7AC8-4694-9F6A-4EA62457E0AE}.Release|Any CPU.Build.0 = Release|Any CPU
	EndGlobalSection
	GlobalSection(SolutionProperties) = preSolution
		HideSolutionNode = FALSE
	EndGlobalSection
	GlobalSection(ExtensibilityGlobals) = postSolution
		SolutionGuid = {1E6F02A0-273D-4C71-ACB8-E38F00C03C75}
	EndGlobalSection
EndGlobal
